
Microsoft Visual Studio Solution File, Format Version 12.00
# Visual Studio Version 16
VisualStudioVersion = 16.0.30709.64
MinimumVisualStudioVersion = 15.0.26124.0
Project("{9A19103F-16F7-4668-BE54-9A1E7A4F7556}") = "SW.Surl.Sdk", "SW.Surl.Sdk\SW.Surl.Sdk.csproj", "{862BB4DF-4652-4B17-A65C-896AAB969946}"
EndProject
Project("{9A19103F-16F7-4668-BE54-9A1E7A4F7556}") = "SW.Surl.Web", "SW.Surl.Web\SW.Surl.Web.csproj", "{CBFBE94D-A1B1-481D-84D4-12EEEAD3300F}"
EndProject
Global
	GlobalSection(SolutionConfigurationPlatforms) = preSolution
		Debug|Any CPU = Debug|Any CPU
		Debug|x64 = Debug|x64
		Debug|x86 = Debug|x86
		Release|Any CPU = Release|Any CPU
		Release|x64 = Release|x64
		Release|x86 = Release|x86
	EndGlobalSection
	GlobalSection(ProjectConfigurationPlatforms) = postSolution
		{862BB4DF-4652-4B17-A65C-896AAB969946}.Debug|Any CPU.ActiveCfg = Debug|Any CPU
		{862BB4DF-4652-4B17-A65C-896AAB969946}.Debug|Any CPU.Build.0 = Debug|Any CPU
		{862BB4DF-4652-4B17-A65C-896AAB969946}.Debug|x64.ActiveCfg = Debug|Any CPU
		{862BB4DF-4652-4B17-A65C-896AAB969946}.Debug|x64.Build.0 = Debug|Any CPU
		{862BB4DF-4652-4B17-A65C-896AAB969946}.Debug|x86.ActiveCfg = Debug|Any CPU
		{862BB4DF-4652-4B17-A65C-896AAB969946}.Debug|x86.Build.0 = Debug|Any CPU
		{862BB4DF-4652-4B17-A65C-896AAB969946}.Release|Any CPU.ActiveCfg = Release|Any CPU
		{862BB4DF-4652-4B17-A65C-896AAB969946}.Release|Any CPU.Build.0 = Release|Any CPU
		{862BB4DF-4652-4B17-A65C-896AAB969946}.Release|x64.ActiveCfg = Release|Any CPU
		{862BB4DF-4652-4B17-A65C-896AAB969946}.Release|x64.Build.0 = Release|Any CPU
		{862BB4DF-4652-4B17-A65C-896AAB969946}.Release|x86.ActiveCfg = Release|Any CPU
		{862BB4DF-4652-4B17-A65C-896AAB969946}.Release|x86.Build.0 = Release|Any CPU
		{CBFBE94D-A1B1-481D-84D4-12EEEAD3300F}.Debug|Any CPU.ActiveCfg = Debug|Any CPU
		{CBFBE94D-A1B1-481D-84D4-12EEEAD3300F}.Debug|Any CPU.Build.0 = Debug|Any CPU
		{CBFBE94D-A1B1-481D-84D4-12EEEAD3300F}.Debug|x64.ActiveCfg = Debug|Any CPU
		{CBFBE94D-A1B1-481D-84D4-12EEEAD3300F}.Debug|x64.Build.0 = Debug|Any CPU
		{CBFBE94D-A1B1-481D-84D4-12EEEAD3300F}.Debug|x86.ActiveCfg = Debug|Any CPU
		{CBFBE94D-A1B1-481D-84D4-12EEEAD3300F}.Debug|x86.Build.0 = Debug|Any CPU
		{CBFBE94D-A1B1-481D-84D4-12EEEAD3300F}.Release|Any CPU.ActiveCfg = Release|Any CPU
		{CBFBE94D-A1B1-481D-84D4-12EEEAD3300F}.Release|Any CPU.Build.0 = Release|Any CPU
		{CBFBE94D-A1B1-481D-84D4-12EEEAD3300F}.Release|x64.ActiveCfg = Release|Any CPU
		{CBFBE94D-A1B1-481D-84D4-12EEEAD3300F}.Release|x64.Build.0 = Release|Any CPU
		{CBFBE94D-A1B1-481D-84D4-12EEEAD3300F}.Release|x86.ActiveCfg = Release|Any CPU
		{CBFBE94D-A1B1-481D-84D4-12EEEAD3300F}.Release|x86.Build.0 = Release|Any CPU
	EndGlobalSection
	GlobalSection(SolutionProperties) = preSolution
		HideSolutionNode = FALSE
	EndGlobalSection
	GlobalSection(ExtensibilityGlobals) = postSolution
		SolutionGuid = {E396275E-1933-4836-AA9D-E2E2710156D9}
	EndGlobalSection
EndGlobal
